PODS:
  - Cartography (3.1.0)
  - EasyPeasy (1.8.0)
  - SnapKit (4.0.1)
  - SteviaLayout (4.4.0)
  - TinyConstraints (3.3.1)

DEPENDENCIES:
  - Cartography (~> 3.0)
  - EasyPeasy
  - SnapKit (~> 4.0.0)
  - SteviaLayout
  - TinyConstraints

SPEC REPOS:
  https://github.com/cocoapods/specs.git:
    - Cartography
    - EasyPeasy
    - SnapKit
    - SteviaLayout
    - TinyConstraints

SPEC CHECKSUMS:
  Cartography: 1988b7578871a56c036e7af17195cb2190edf18c
  EasyPeasy: bfffe5d47bbaaef3e32888c250a196768484b43a
  SnapKit: 0de968a9fec17499afa29683b05d0c775b6d1c29
  SteviaLayout: dd74d1abd127bbf0ce346ac9430441684fe427d0
  TinyConstraints: dbf7519aefc01ea59d62244300c7718aec68e280

PODFILE CHECKSUM: 9c17db355956fd108e01eeddb38c8ff3123c9aae

COCOAPODS: 1.6.0.beta.2
